{
  "name": "Server",
  "lockfileVersion": 2,
  "requires": true,
  "packages": {
    "": {
      "dependencies": {
        "chart.js": "^3.9.1",
        "chartist": "^1.2.1",
        "echarts": "^5.4.0"
      }
    },
    "node_modules/chart.js": {
      "version": "3.9.1",
      "resolved": "https://registry.npmjs.org/chart.js/-/chart.js-3.9.1.tgz",
      "integrity": "sha512-Ro2JbLmvg83gXF5F4sniaQ+lTbSv18E+TIf2cOeiH1Iqd2PGFOtem+DUufMZsCJwFE7ywPOpfXFBwRTGq7dh6w=="
    },
    "node_modules/chartist": {
      "version": "1.2.1",
      "resolved": "https://registry.npmjs.org/chartist/-/chartist-1.2.1.tgz",
      "integrity": "sha512-daq0Ke7xWp87loUJLNyQqGVJSQ/hqcw8MnntMAZ7t46jOmPG1+IrUrAwQhkfkbHP35rRtF9vwRpGG9YkwtANiQ==",
      "engines": {
        "node": ">=14"
      }
    },
    "node_modules/echarts": {
      "version": "5.4.0",
      "resolved": "https://registry.npmjs.org/echarts/-/echarts-5.4.0.tgz",
      "integrity": "sha512-uPsO9VRUIKAdFOoH3B0aNg7NRVdN7aM39/OjovjO9MwmWsAkfGyeXJhK+dbRi51iDrQWliXV60/XwLA7kg3z0w==",
      "dependencies": {
        "tslib": "2.3.0",
        "zrender": "5.4.0"
      }
    },
    "node_modules/tslib": {
      "version": "2.3.0",
      "resolved": "https://registry.npmjs.org/tslib/-/tslib-2.3.0.tgz",
      "integrity": "sha512-N82ooyxVNm6h1riLCoyS9e3fuJ3AMG2zIZs2Gd1ATcSFjSA23Q0fzjjZeh0jbJvWVDZ0cJT8yaNNaaXHzueNjg=="
    },
    "node_modules/zrender": {
      "version": "5.4.0",
      "resolved": "https://registry.npmjs.org/zrender/-/zrender-5.4.0.tgz",
      "integrity": "sha512-rOS09Z2HSVGFs2dn/TuYk5BlCaZcVe8UDLLjj1ySYF828LATKKdxuakSZMvrDz54yiKPDYVfjdKqcX8Jky3BIA==",
      "dependencies": {
        "tslib": "2.3.0"
      }
    }
  },
  "dependencies": {
    "chart.js": {
      "version": "3.9.1",
      "resolved": "https://registry.npmjs.org/chart.js/-/chart.js-3.9.1.tgz",
      "integrity": "sha512-Ro2JbLmvg83gXF5F4sniaQ+lTbSv18E+TIf2cOeiH1Iqd2PGFOtem+DUufMZsCJwFE7ywPOpfXFBwRTGq7dh6w=="
    },
    "chartist": {
      "version": "1.2.1",
      "resolved": "https://registry.npmjs.org/chartist/-/chartist-1.2.1.tgz",
      "integrity": "sha512-daq0Ke7xWp87loUJLNyQqGVJSQ/hqcw8MnntMAZ7t46jOmPG1+IrUrAwQhkfkbHP35rRtF9vwRpGG9YkwtANiQ=="
    },
    "echarts": {
      "version": "5.4.0",
      "resolved": "https://registry.npmjs.org/echarts/-/echarts-5.4.0.tgz",
      "integrity": "sha512-uPsO9VRUIKAdFOoH3B0aNg7NRVdN7aM39/OjovjO9MwmWsAkfGyeXJhK+dbRi51iDrQWliXV60/XwLA7kg3z0w==",
      "requires": {
        "tslib": "2.3.0",
        "zrender": "5.4.0"
      }
    },
    "tslib": {
      "version": "2.3.0",
      "resolved": "https://registry.npmjs.org/tslib/-/tslib-2.3.0.tgz",
      "integrity": "sha512-N82ooyxVNm6h1riLCoyS9e3fuJ3AMG2zIZs2Gd1ATcSFjSA23Q0fzjjZeh0jbJvWVDZ0cJT8yaNNaaXHzueNjg=="
    },
    "zrender": {
      "version": "5.4.0",
      "resolved": "https://registry.npmjs.org/zrender/-/zrender-5.4.0.tgz",
      "integrity": "sha512-rOS09Z2HSVGFs2dn/TuYk5BlCaZcVe8UDLLjj1ySYF828LATKKdxuakSZMvrDz54yiKPDYVfjdKqcX8Jky3BIA==",
      "requires": {
        "tslib": "2.3.0"
      }
    }
  }
}
